
Microsoft Visual Studio Solution File, Format Version 12.00
# Visual Studio 14
VisualStudioVersion = 14.0.25123.0
MinimumVisualStudioVersion = 10.0.40219.1
Project("{00D1A9C2-B5F0-4AF3-8072-F6C62B433612}") = "Tasks", "tasks\db\Tasks\Tasks.sqlproj", "{9DCF1AEE-F6C3-41FB-82C0-4179F4C87038}"
EndProject
Project("{2150E333-8FDC-42A3-9474-1A3956D46DE8}") = "db", "db", "{C9BFE363-6EFA-4D89-90C8-B95168908C61}"
EndProject
Project("{FAE04EC0-301F-11D3-BF4B-00C04F79EFBC}") = "WK.Orion.Platform.Clients.Core", "clients\src\WK.Orion.Platform.Clients.Core\WK.Orion.Platform.Clients.Core.csproj", "{1FCCB613-A07D-491A-A6C2-3DA806F99886}"
EndProject
Project("{FAE04EC0-301F-11D3-BF4B-00C04F79EFBC}") = "WK.Orion.Platform.Clients.DataAccessLayer", "clients\src\WK.Orion.Platform.Clients.DataAccessLayer\WK.Orion.Platform.Clients.DataAccessLayer.csproj", "{8B178C3F-0BA9-4BB9-B16F-B08B2CE26A39}"
EndProject
Project("{FAE04EC0-301F-11D3-BF4B-00C04F79EFBC}") = "WK.Orion.Platform.Clients.BusinessLogicLayer", "clients\src\WK.Orion.Platform.Clients.BusinessLogicLayer\WK.Orion.Platform.Clients.BusinessLogicLayer.csproj", "{D5A4CC7F-DCFD-4196-9F2A-138169838D19}"
EndProject
Project("{FAE04EC0-301F-11D3-BF4B-00C04F79EFBC}") = "WK.Orion.Platform.Clients", "clients\src\WK.Orion.Platform.Clients.ServiceLayer.DotNetApi\WK.Orion.Platform.Clients.csproj", "{FEE98002-03E0-412D-813D-3C572E488DB0}"
EndProject
Project("{2150E333-8FDC-42A3-9474-1A3956D46DE8}") = "clients", "clients", "{16C41C01-FC54-4F38-84FF-C3EDD78421BF}"
EndProject
Project("{2150E333-8FDC-42A3-9474-1A3956D46DE8}") = "userdefinedfields", "userdefinedfields", "{332760C4-036F-423B-A1A8-AE10F438E3CD}"
EndProject
Project("{2150E333-8FDC-42A3-9474-1A3956D46DE8}") = "tasks", "tasks", "{7776187E-F58C-455A-962E-B45C880750B4}"
EndProject
Project("{FAE04EC0-301F-11D3-BF4B-00C04F79EFBC}") = "WK.Orion.Platform.Tasks", "tasks\src\WK.Orion.Platform.Tasks\WK.Orion.Platform.Tasks.csproj", "{AB04E4FE-42B4-4095-A061-D875146E777B}"
EndProject
Project("{FAE04EC0-301F-11D3-BF4B-00C04F79EFBC}") = "WK.Orion.Platform.Tasks.Core", "tasks\src\WK.Orion.Platform.Tasks.Core\WK.Orion.Platform.Tasks.Core.csproj", "{157AAE16-C323-437A-8925-144CC253A3FD}"
EndProject
Project("{FAE04EC0-301F-11D3-BF4B-00C04F79EFBC}") = "WK.Orion.Platform.Tasks.DataAccessLayer", "tasks\src\WK.Orion.Platform.Tasks.DataAccessLayer\WK.Orion.Platform.Tasks.DataAccessLayer.csproj", "{90817E87-2B1F-4B42-AFD6-76F9F01FB8D4}"
EndProject
Project("{FAE04EC0-301F-11D3-BF4B-00C04F79EFBC}") = "WK.Orion.Platform.Tasks.BusinessLogicLayer", "tasks\src\WK.Orion.Platform.Tasks.BusinessLogicLayer\WK.Orion.Platform.Tasks.BusinessLogicLayer.csproj", "{C83ED111-3703-4F46-808B-26241DEB6974}"
EndProject
Project("{FAE04EC0-301F-11D3-BF4B-00C04F79EFBC}") = "WK.Orion.Platform.UserDefinedFields", "userdefinedfields\src\WK.Orion.Platform.UserDefinedFields\WK.Orion.Platform.UserDefinedFields.csproj", "{0C1DA232-08A9-42E4-BE8A-FDAA4E702E1C}"
EndProject
Project("{FAE04EC0-301F-11D3-BF4B-00C04F79EFBC}") = "WK.Orion.Platform.UserDefinedFields.Core", "userdefinedfields\src\WK.Orion.Platform.UserDefinedFields.Core\WK.Orion.Platform.UserDefinedFields.Core.csproj", "{BCEEF3C0-2B59-4F8B-B7FA-9AB0DB710077}"
EndProject
Project("{FAE04EC0-301F-11D3-BF4B-00C04F79EFBC}") = "WK.Orion.Platform.UserDefinedFields.BusinessLogicLayer", "userdefinedfields\src\WK.Orion.Platform.UserDefinedFields.BusinessLogicLayer\WK.Orion.Platform.UserDefinedFields.BusinessLogicLayer.csproj", "{13178A29-AA3D-4E6A-9C4F-6F39FDCB732E}"
EndProject
Project("{FAE04EC0-301F-11D3-BF4B-00C04F79EFBC}") = "WK.Orion.Platform.UserDefinedFields.DataAccessLayer", "userdefinedfields\src\WK.Orion.Platform.UserDefinedFields.DataAccessLayer\WK.Orion.Platform.UserDefinedFields.DataAccessLayer.csproj", "{61E2AEAF-9847-4ACD-90B0-B33793F8C412}"
EndProject
Project("{FAE04EC0-301F-11D3-BF4B-00C04F79EFBC}") = "WK.Orion.Platform.Clients.BusinessLogicLayer.Tests", "clients\tests\WK.Orion.Platform.Clients.BusinessLogicLayer.Tests\WK.Orion.Platform.Clients.BusinessLogicLayer.Tests.csproj", "{2A35AA7C-6B7D-4B9A-84E5-8E09B462CFAE}"
EndProject
Project("{FAE04EC0-301F-11D3-BF4B-00C04F79EFBC}") = "WK.Orion.Platform.Clients.Tests", "clients\tests\WK.Orion.Platform.Clients.Tests\WK.Orion.Platform.Clients.Tests.csproj", "{991F042F-206C-4ABF-B08D-7AA5C8639B50}"
EndProject
Project("{FAE04EC0-301F-11D3-BF4B-00C04F79EFBC}") = "WK.Orion.Platform.Tasks.BusinessLogicLayer.Tests", "tasks\tests\WK.Orion.Platform.Tasks.BusinessLogicLayer.Tests\WK.Orion.Platform.Tasks.BusinessLogicLayer.Tests.csproj", "{E80C9627-38A5-4C77-975F-8F19181009A2}"
EndProject
Project("{FAE04EC0-301F-11D3-BF4B-00C04F79EFBC}") = "WK.Orion.Platform.Tasks.Tests", "tasks\tests\WK.Orion.Platform.Tasks.Tests\WK.Orion.Platform.Tasks.Tests.csproj", "{C7F80BB5-871B-4AA8-B70F-9E8C2AA30EEA}"
EndProject
Project("{FAE04EC0-301F-11D3-BF4B-00C04F79EFBC}") = "WK.Orion.Platform.UserDefinedFields.Tests", "userdefinedfields\tests\WK.Orion.Platform.UserDefinedFields.Tests\WK.Orion.Platform.UserDefinedFields.Tests.csproj", "{CA7387A2-9B7F-47F8-ADD3-A76F0877C550}"
EndProject
Project("{FAE04EC0-301F-11D3-BF4B-00C04F79EFBC}") = "WK.Orion.Platform.UserDefinedFields.BusinessLogicLayer.Tests", "userdefinedfields\tests\WK.Orion.Platform.UserDefinedFields.BusinessLogicLayer.Tests\WK.Orion.Platform.UserDefinedFields.BusinessLogicLayer.Tests.csproj", "{4D75351C-770D-4CA0-B0DA-4FBC1B7021F3}"
EndProject
Project("{2150E333-8FDC-42A3-9474-1A3956D46DE8}") = "Solution Items", "Solution Items", "{416D7CEF-570A-45D5-80A1-185B2F95BD9F}"
	ProjectSection(SolutionItems) = preProject
		.gitignore = .gitignore
		Orion.ruleset = Orion.ruleset
	EndProjectSection
EndProject
Project("{2150E333-8FDC-42A3-9474-1A3956D46DE8}") = "src", "src", "{FE0BE2D4-580E-4897-A816-3A150C2172A8}"
EndProject
Project("{2150E333-8FDC-42A3-9474-1A3956D46DE8}") = "tests", "tests", "{BC20DAEA-727E-4BEA-A4BD-DCA7543DB98C}"
EndProject
Project("{2150E333-8FDC-42A3-9474-1A3956D46DE8}") = "tests", "tests", "{8EE359C8-4E3D-4A2A-9146-D4E17BECFBC0}"
EndProject
Project("{2150E333-8FDC-42A3-9474-1A3956D46DE8}") = "tests", "tests", "{6B81DF92-D3C0-4F05-94E8-213FFB1BDB48}"
EndProject
Project("{2150E333-8FDC-42A3-9474-1A3956D46DE8}") = "src", "src", "{DBA1B955-ECE6-4109-B156-C8F547464AA4}"
EndProject
Project("{2150E333-8FDC-42A3-9474-1A3956D46DE8}") = "src", "src", "{5FF3D536-5EC9-4EEE-B351-BD853590B5B6}"
EndProject
Project("{2150E333-8FDC-42A3-9474-1A3956D46DE8}") = "Framework", "Framework", "{0CB61430-D527-454E-AB31-A3CA4431937A}"
EndProject
Project("{FAE04EC0-301F-11D3-BF4B-00C04F79EFBC}") = "WK.Orion.Platform.Framework", "WK.Orion.Platform.Framework\WK.Orion.Platform.Framework.csproj", "{C971DDCF-6D2F-47EB-8C9B-08724736AB72}"
EndProject
Project("{2150E333-8FDC-42A3-9474-1A3956D46DE8}") = "tests", "tests", "{32B8E8DB-F47D-4E94-8CC5-3F0681486980}"
EndProject
Project("{FAE04EC0-301F-11D3-BF4B-00C04F79EFBC}") = "WK.Orion.Platform.Framework.Tests", "WK.Orion.Platform.Framework.Tests\WK.Orion.Platform.Framework.Tests.csproj", "{7F701C29-ACAE-49AD-9A23-EBCC4D63B50B}"
EndProject
Project("{2150E333-8FDC-42A3-9474-1A3956D46DE8}") = "Infrastructure", "Infrastructure", "{CA46DA95-839C-4F9B-9A17-AB3E29F10B78}"
EndProject
Project("{FAE04EC0-301F-11D3-BF4B-00C04F79EFBC}") = "WK.Orion.Platform.Infrastructure.DependencyResolver", "WK.Orion.Platform.Infrastructure.DependencyResolver\WK.Orion.Platform.Infrastructure.DependencyResolver.csproj", "{DD3A2DBD-025D-4A02-821D-FA4648300E22}"
EndProject
Project("{FAE04EC0-301F-11D3-BF4B-00C04F79EFBC}") = "WK.Orion.Platform.UserDefinedFields.DependencyResolver", "WK.Orion.Platform.UserDefinedFields.DependencyResolver\WK.Orion.Platform.UserDefinedFields.DependencyResolver.csproj", "{6AAAEC01-1591-4218-AA60-BB209E5DC57A}"
EndProject
Project("{2150E333-8FDC-42A3-9474-1A3956D46DE8}") = "components", "components", "{D0320CFB-A647-4F5F-AD76-9173EFC69287}"
EndProject
Project("{2150E333-8FDC-42A3-9474-1A3956D46DE8}") = "_applications", "_applications", "{326CAEB8-F8A5-4AA6-AA08-51271516B5D2}"
EndProject
Project("{FAE04EC0-301F-11D3-BF4B-00C04F79EFBC}") = "WK.Orion.Platform.Clients.DependencyResolver", "WK.Orion.Platform.Clients.DependencyResolver\WK.Orion.Platform.Clients.DependencyResolver.csproj", "{5E2CF482-061E-41F0-9BCD-EDAD064E2454}"
EndProject
Project("{2150E333-8FDC-42A3-9474-1A3956D46DE8}") = "_Services", "_Services", "{0EEAD3A5-ADA3-4815-8BFB-B2B8AA5258F1}"
EndProject
Project("{FAE04EC0-301F-11D3-BF4B-00C04F79EFBC}") = "WK.Orion.Services.Example.Email", "WK.Orion.Services.Example.Email\WK.Orion.Services.Example.Email.csproj", "{5B16EDC3-9D3E-4BCD-9B54-50D6290B51FF}"
EndProject
Project("{2150E333-8FDC-42A3-9474-1A3956D46DE8}") = "Multilanguage", "Multilanguage", "{CB819E38-9A3A-4DC1-B3C5-2C8A4250657B}"
EndProject
Project("{FAE04EC0-301F-11D3-BF4B-00C04F79EFBC}") = "WK.Orion.Platform.ML", "WK.Orion.Platform.Examples.Components.MultiLanguage\WK.Orion.Platform.ML.csproj", "{1D25A74E-3169-48CC-AC4D-CD6678AFEBB9}"
EndProject
Project("{FAE04EC0-301F-11D3-BF4B-00C04F79EFBC}") = "WK.Orion.Platform.ML.BusinessLogicLayer", "WK.Orion.Platform.Examples.Components.ML.Business\WK.Orion.Platform.ML.BusinessLogicLayer.csproj", "{D6D30542-A286-42A2-9C63-48AC50C16B27}"
EndProject
Project("{FAE04EC0-301F-11D3-BF4B-00C04F79EFBC}") = "WK.Orion.Platform.ML.Core", "WK.Orion.Platform.Examples.Components.ML.Core\WK.Orion.Platform.ML.Core.csproj", "{EEEC4308-43D9-4AF6-BDB2-AEF979A19A51}"
EndProject
Project("{FAE04EC0-301F-11D3-BF4B-00C04F79EFBC}") = "WK.Orion.Platform.ML.DataAccessLayer", "WK.Orion.Platform.Examples.Components.ML.DataAccess\WK.Orion.Platform.ML.DataAccessLayer.csproj", "{AE4C7F93-8B50-4332-910B-75E1247CD1CD}"
EndProject
Project("{FAE04EC0-301F-11D3-BF4B-00C04F79EFBC}") = "WK.Orion.Platform.ML.DependencyResolver", "WK.Orion.Platform.Examples.Components.ML.DependencyResolver\WK.Orion.Platform.ML.DependencyResolver.csproj", "{DBBE7984-E6E9-405A-9492-1D980E62D67F}"
EndProject
Project("{2150E333-8FDC-42A3-9474-1A3956D46DE8}") = "src", "src", "{ABE0757F-F829-4A71-869F-AA9559F2FE05}"
EndProject
Project("{FAE04EC0-301F-11D3-BF4B-00C04F79EFBC}") = "WK.Orion.Platform.Tasks.DependencyResolver", "WK.Orion.Platform.Tasks.DependencyResolver\WK.Orion.Platform.Tasks.DependencyResolver.csproj", "{64E95C4A-ACD1-4041-88A0-A30AEEC593AD}"
EndProject
Project("{FAE04EC0-301F-11D3-BF4B-00C04F79EFBC}") = "WK.Orion.Applications.ADM", "WK.Orion.Applications.ADM\WK.Orion.Applications.ADM.csproj", "{5EF9856D-3BA2-464D-997F-E62D858B20A4}"
EndProject
Project("{FAE04EC0-301F-11D3-BF4B-00C04F79EFBC}") = "WK.Orion.Services.DPM", "WK.Orion.Services.DPM\WK.Orion.Services.DPM.csproj", "{64113DD2-F068-49CC-8096-ECEE10532BCE}"
EndProject
Project("{2150E333-8FDC-42A3-9474-1A3956D46DE8}") = "usermanagement", "usermanagement", "{C660234C-82FC-43A6-8564-860E2DC9F3F3}"
EndProject
Project("{2150E333-8FDC-42A3-9474-1A3956D46DE8}") = "src", "src", "{90246FAB-2E42-44A5-A430-FBEC2C304F96}"
EndProject
Project("{FAE04EC0-301F-11D3-BF4B-00C04F79EFBC}") = "WK.Orion.Platform.UserManagement", "WK.Orion.Platform.UserManagement\WK.Orion.Platform.UserManagement.csproj", "{2516C485-B0F3-4221-B562-21DE6180435E}"
EndProject
Project("{FAE04EC0-301F-11D3-BF4B-00C04F79EFBC}") = "WK.Orion.Platform.UserManagement.BusinessLogicLayer", "WK.Orion.Platform.UserManagement.BusinessLogicLayer\WK.Orion.Platform.UserManagement.BusinessLogicLayer.csproj", "{53EC4D41-423B-44A2-87D6-6BDF902AB1DC}"
EndProject
Project("{FAE04EC0-301F-11D3-BF4B-00C04F79EFBC}") = "WK.Orion.Platform.UserManagement.Core", "WK.Orion.Platform.UserManagement.Core\WK.Orion.Platform.UserManagement.Core.csproj", "{8B845D82-CCBA-477D-8631-5AE78568E85A}"
EndProject
Project("{FAE04EC0-301F-11D3-BF4B-00C04F79EFBC}") = "WK.Orion.Platform.Usermanagement.DataAccessLayer", "WK.Orion.Platform.Usermanagement.DataAccessLayer\WK.Orion.Platform.Usermanagement.DataAccessLayer.csproj", "{BE96B682-5DA6-402D-A8F2-F400C8EC28E5}"
EndProject
Project("{FAE04EC0-301F-11D3-BF4B-00C04F79EFBC}") = "WK.Orion.Platform.UserManagement.DependencyResolver", "WK.Orion.Platform.UserManagement.DependencyResolver\WK.Orion.Platform.UserManagement.DependencyResolver.csproj", "{C9C11D32-6DEB-4F7E-B3D6-8C22C0D09559}"
EndProject
Project("{2150E333-8FDC-42A3-9474-1A3956D46DE8}") = "securitygroups", "securitygroups", "{5EA35476-682C-4891-8A6A-A20CA25E6DA3}"
EndProject
Project("{FAE04EC0-301F-11D3-BF4B-00C04F79EFBC}") = "WK.Orion.Platform.SecurityGroups", "WK.Orion.Platform.SecurityGroups\WK.Orion.Platform.SecurityGroups.csproj", "{2B7663EE-015E-4EF8-9E39-22011DB1FAB0}"
EndProject
Project("{FAE04EC0-301F-11D3-BF4B-00C04F79EFBC}") = "WK.Orion.Platform.SecurityGroups.BusinessLogicLayer", "WK.Orion.Platform.SecurityGroups.BusinessLogicLayer\WK.Orion.Platform.SecurityGroups.BusinessLogicLayer.csproj", "{2CC57FE9-2F58-48E7-85F6-8236BC1EBB07}"
EndProject
Project("{FAE04EC0-301F-11D3-BF4B-00C04F79EFBC}") = "WK.Orion.Platform.SecurityGroups.Core", "WK.Orion.Platform.SecurityGroups.Core\WK.Orion.Platform.SecurityGroups.Core.csproj", "{9EC1C67E-942D-4CFE-BF51-75DECD2C7A17}"
EndProject
Project("{FAE04EC0-301F-11D3-BF4B-00C04F79EFBC}") = "WK.Orion.Platform.SecurityGroups.DataAccessLayer", "WK.Orion.Platform.SecurityGroups.DataAccessLayer\WK.Orion.Platform.SecurityGroups.DataAccessLayer.csproj", "{5A830179-006E-4AAF-B8DA-76C786E06004}"
EndProject
Project("{FAE04EC0-301F-11D3-BF4B-00C04F79EFBC}") = "WK.Orion.Platform.SecurityGroups.DependencyResolver", "WK.Orion.Platform.SecurityGroups.DependencyResolver\WK.Orion.Platform.SecurityGroups.DependencyResolver.csproj", "{A9AF678F-4479-41A7-85F1-F12834329988}"
EndProject
Project("{FAE04EC0-301F-11D3-BF4B-00C04F79EFBC}") = "WK.Orion.Applications.DPM", "WK.Orion.Applications.DPM\WK.Orion.Applications.DPM.csproj", "{87F7C9B7-247C-4E0F-9DAB-51FF14829836}"
EndProject
Global
	GlobalSection(SolutionConfigurationPlatforms) = preSolution
		Debug|Any CPU = Debug|Any CPU
		Release|Any CPU = Release|Any CPU
	EndGlobalSection
	GlobalSection(ProjectConfigurationPlatforms) = postSolution
		{9DCF1AEE-F6C3-41FB-82C0-4179F4C87038}.Debug|Any CPU.ActiveCfg = Debug|Any CPU
		{9DCF1AEE-F6C3-41FB-82C0-4179F4C87038}.Debug|Any CPU.Build.0 = Debug|Any CPU
		{9DCF1AEE-F6C3-41FB-82C0-4179F4C87038}.Debug|Any CPU.Deploy.0 = Debug|Any CPU
		{9DCF1AEE-F6C3-41FB-82C0-4179F4C87038}.Release|Any CPU.ActiveCfg = Release|Any CPU
		{9DCF1AEE-F6C3-41FB-82C0-4179F4C87038}.Release|Any CPU.Build.0 = Release|Any CPU
		{9DCF1AEE-F6C3-41FB-82C0-4179F4C87038}.Release|Any CPU.Deploy.0 = Release|Any CPU
		{1FCCB613-A07D-491A-A6C2-3DA806F99886}.Debug|Any CPU.ActiveCfg = Debug|Any CPU
		{1FCCB613-A07D-491A-A6C2-3DA806F99886}.Debug|Any CPU.Build.0 = Debug|Any CPU
		{1FCCB613-A07D-491A-A6C2-3DA806F99886}.Release|Any CPU.ActiveCfg = Release|Any CPU
		{1FCCB613-A07D-491A-A6C2-3DA806F99886}.Release|Any CPU.Build.0 = Release|Any CPU
		{8B178C3F-0BA9-4BB9-B16F-B08B2CE26A39}.Debug|Any CPU.ActiveCfg = Debug|Any CPU
		{8B178C3F-0BA9-4BB9-B16F-B08B2CE26A39}.Debug|Any CPU.Build.0 = Debug|Any CPU
		{8B178C3F-0BA9-4BB9-B16F-B08B2CE26A39}.Release|Any CPU.ActiveCfg = Release|Any CPU
		{8B178C3F-0BA9-4BB9-B16F-B08B2CE26A39}.Release|Any CPU.Build.0 = Release|Any CPU
		{D5A4CC7F-DCFD-4196-9F2A-138169838D19}.Debug|Any CPU.ActiveCfg = Debug|Any CPU
		{D5A4CC7F-DCFD-4196-9F2A-138169838D19}.Debug|Any CPU.Build.0 = Debug|Any CPU
		{D5A4CC7F-DCFD-4196-9F2A-138169838D19}.Release|Any CPU.ActiveCfg = Release|Any CPU
		{D5A4CC7F-DCFD-4196-9F2A-138169838D19}.Release|Any CPU.Build.0 = Release|Any CPU
		{FEE98002-03E0-412D-813D-3C572E488DB0}.Debug|Any CPU.ActiveCfg = Debug|Any CPU
		{FEE98002-03E0-412D-813D-3C572E488DB0}.Debug|Any CPU.Build.0 = Debug|Any CPU
		{FEE98002-03E0-412D-813D-3C572E488DB0}.Release|Any CPU.ActiveCfg = Release|Any CPU
		{FEE98002-03E0-412D-813D-3C572E488DB0}.Release|Any CPU.Build.0 = Release|Any CPU
		{AB04E4FE-42B4-4095-A061-D875146E777B}.Debug|Any CPU.ActiveCfg = Debug|Any CPU
		{AB04E4FE-42B4-4095-A061-D875146E777B}.Debug|Any CPU.Build.0 = Debug|Any CPU
		{AB04E4FE-42B4-4095-A061-D875146E777B}.Release|Any CPU.ActiveCfg = Release|Any CPU
		{AB04E4FE-42B4-4095-A061-D875146E777B}.Release|Any CPU.Build.0 = Release|Any CPU
		{157AAE16-C323-437A-8925-144CC253A3FD}.Debug|Any CPU.ActiveCfg = Debug|Any CPU
		{157AAE16-C323-437A-8925-144CC253A3FD}.Debug|Any CPU.Build.0 = Debug|Any CPU
		{157AAE16-C323-437A-8925-144CC253A3FD}.Release|Any CPU.ActiveCfg = Release|Any CPU
		{157AAE16-C323-437A-8925-144CC253A3FD}.Release|Any CPU.Build.0 = Release|Any CPU
		{90817E87-2B1F-4B42-AFD6-76F9F01FB8D4}.Debug|Any CPU.ActiveCfg = Debug|Any CPU
		{90817E87-2B1F-4B42-AFD6-76F9F01FB8D4}.Debug|Any CPU.Build.0 = Debug|Any CPU
		{90817E87-2B1F-4B42-AFD6-76F9F01FB8D4}.Release|Any CPU.ActiveCfg = Release|Any CPU
		{90817E87-2B1F-4B42-AFD6-76F9F01FB8D4}.Release|Any CPU.Build.0 = Release|Any CPU
		{C83ED111-3703-4F46-808B-26241DEB6974}.Debug|Any CPU.ActiveCfg = Debug|Any CPU
		{C83ED111-3703-4F46-808B-26241DEB6974}.Debug|Any CPU.Build.0 = Debug|Any CPU
		{C83ED111-3703-4F46-808B-26241DEB6974}.Release|Any CPU.ActiveCfg = Release|Any CPU
		{C83ED111-3703-4F46-808B-26241DEB6974}.Release|Any CPU.Build.0 = Release|Any CPU
		{0C1DA232-08A9-42E4-BE8A-FDAA4E702E1C}.Debug|Any CPU.ActiveCfg = Debug|Any CPU
		{0C1DA232-08A9-42E4-BE8A-FDAA4E702E1C}.Debug|Any CPU.Build.0 = Debug|Any CPU
		{0C1DA232-08A9-42E4-BE8A-FDAA4E702E1C}.Release|Any CPU.ActiveCfg = Release|Any CPU
		{0C1DA232-08A9-42E4-BE8A-FDAA4E702E1C}.Release|Any CPU.Build.0 = Release|Any CPU
		{BCEEF3C0-2B59-4F8B-B7FA-9AB0DB710077}.Debug|Any CPU.ActiveCfg = Debug|Any CPU
		{BCEEF3C0-2B59-4F8B-B7FA-9AB0DB710077}.Debug|Any CPU.Build.0 = Debug|Any CPU
		{BCEEF3C0-2B59-4F8B-B7FA-9AB0DB710077}.Release|Any CPU.ActiveCfg = Release|Any CPU
		{BCEEF3C0-2B59-4F8B-B7FA-9AB0DB710077}.Release|Any CPU.Build.0 = Release|Any CPU
		{13178A29-AA3D-4E6A-9C4F-6F39FDCB732E}.Debug|Any CPU.ActiveCfg = Debug|Any CPU
		{13178A29-AA3D-4E6A-9C4F-6F39FDCB732E}.Debug|Any CPU.Build.0 = Debug|Any CPU
		{13178A29-AA3D-4E6A-9C4F-6F39FDCB732E}.Release|Any CPU.ActiveCfg = Release|Any CPU
		{13178A29-AA3D-4E6A-9C4F-6F39FDCB732E}.Release|Any CPU.Build.0 = Release|Any CPU
		{61E2AEAF-9847-4ACD-90B0-B33793F8C412}.Debug|Any CPU.ActiveCfg = Debug|Any CPU
		{61E2AEAF-9847-4ACD-90B0-B33793F8C412}.Debug|Any CPU.Build.0 = Debug|Any CPU
		{61E2AEAF-9847-4ACD-90B0-B33793F8C412}.Release|Any CPU.ActiveCfg = Release|Any CPU
		{61E2AEAF-9847-4ACD-90B0-B33793F8C412}.Release|Any CPU.Build.0 = Release|Any CPU
		{2A35AA7C-6B7D-4B9A-84E5-8E09B462CFAE}.Debug|Any CPU.ActiveCfg = Debug|Any CPU
		{2A35AA7C-6B7D-4B9A-84E5-8E09B462CFAE}.Debug|Any CPU.Build.0 = Debug|Any CPU
		{2A35AA7C-6B7D-4B9A-84E5-8E09B462CFAE}.Release|Any CPU.ActiveCfg = Release|Any CPU
		{2A35AA7C-6B7D-4B9A-84E5-8E09B462CFAE}.Release|Any CPU.Build.0 = Release|Any CPU
		{991F042F-206C-4ABF-B08D-7AA5C8639B50}.Debug|Any CPU.ActiveCfg = Debug|Any CPU
		{991F042F-206C-4ABF-B08D-7AA5C8639B50}.Debug|Any CPU.Build.0 = Debug|Any CPU
		{991F042F-206C-4ABF-B08D-7AA5C8639B50}.Release|Any CPU.ActiveCfg = Release|Any CPU
		{991F042F-206C-4ABF-B08D-7AA5C8639B50}.Release|Any CPU.Build.0 = Release|Any CPU
		{E80C9627-38A5-4C77-975F-8F19181009A2}.Debug|Any CPU.ActiveCfg = Debug|Any CPU
		{E80C9627-38A5-4C77-975F-8F19181009A2}.Debug|Any CPU.Build.0 = Debug|Any CPU
		{E80C9627-38A5-4C77-975F-8F19181009A2}.Release|Any CPU.ActiveCfg = Release|Any CPU
		{E80C9627-38A5-4C77-975F-8F19181009A2}.Release|Any CPU.Build.0 = Release|Any CPU
		{C7F80BB5-871B-4AA8-B70F-9E8C2AA30EEA}.Debug|Any CPU.ActiveCfg = Debug|Any CPU
		{C7F80BB5-871B-4AA8-B70F-9E8C2AA30EEA}.Debug|Any CPU.Build.0 = Debug|Any CPU
		{C7F80BB5-871B-4AA8-B70F-9E8C2AA30EEA}.Release|Any CPU.ActiveCfg = Release|Any CPU
		{C7F80BB5-871B-4AA8-B70F-9E8C2AA30EEA}.Release|Any CPU.Build.0 = Release|Any CPU
		{CA7387A2-9B7F-47F8-ADD3-A76F0877C550}.Debug|Any CPU.ActiveCfg = Debug|Any CPU
		{CA7387A2-9B7F-47F8-ADD3-A76F0877C550}.Debug|Any CPU.Build.0 = Debug|Any CPU
		{CA7387A2-9B7F-47F8-ADD3-A76F0877C550}.Release|Any CPU.ActiveCfg = Release|Any CPU
		{CA7387A2-9B7F-47F8-ADD3-A76F0877C550}.Release|Any CPU.Build.0 = Release|Any CPU
		{4D75351C-770D-4CA0-B0DA-4FBC1B7021F3}.Debug|Any CPU.ActiveCfg = Debug|Any CPU
		{4D75351C-770D-4CA0-B0DA-4FBC1B7021F3}.Debug|Any CPU.Build.0 = Debug|Any CPU
		{4D75351C-770D-4CA0-B0DA-4FBC1B7021F3}.Release|Any CPU.ActiveCfg = Release|Any CPU
		{4D75351C-770D-4CA0-B0DA-4FBC1B7021F3}.Release|Any CPU.Build.0 = Release|Any CPU
		{C971DDCF-6D2F-47EB-8C9B-08724736AB72}.Debug|Any CPU.ActiveCfg = Debug|Any CPU
		{C971DDCF-6D2F-47EB-8C9B-08724736AB72}.Debug|Any CPU.Build.0 = Debug|Any CPU
		{C971DDCF-6D2F-47EB-8C9B-08724736AB72}.Release|Any CPU.ActiveCfg = Release|Any CPU
		{C971DDCF-6D2F-47EB-8C9B-08724736AB72}.Release|Any CPU.Build.0 = Release|Any CPU
		{7F701C29-ACAE-49AD-9A23-EBCC4D63B50B}.Debug|Any CPU.ActiveCfg = Debug|Any CPU
		{7F701C29-ACAE-49AD-9A23-EBCC4D63B50B}.Debug|Any CPU.Build.0 = Debug|Any CPU
		{7F701C29-ACAE-49AD-9A23-EBCC4D63B50B}.Release|Any CPU.ActiveCfg = Release|Any CPU
		{7F701C29-ACAE-49AD-9A23-EBCC4D63B50B}.Release|Any CPU.Build.0 = Release|Any CPU
		{DD3A2DBD-025D-4A02-821D-FA4648300E22}.Debug|Any CPU.ActiveCfg = Debug|Any CPU
		{DD3A2DBD-025D-4A02-821D-FA4648300E22}.Debug|Any CPU.Build.0 = Debug|Any CPU
		{DD3A2DBD-025D-4A02-821D-FA4648300E22}.Release|Any CPU.ActiveCfg = Release|Any CPU
		{DD3A2DBD-025D-4A02-821D-FA4648300E22}.Release|Any CPU.Build.0 = Release|Any CPU
		{6AAAEC01-1591-4218-AA60-BB209E5DC57A}.Debug|Any CPU.ActiveCfg = Debug|Any CPU
		{6AAAEC01-1591-4218-AA60-BB209E5DC57A}.Debug|Any CPU.Build.0 = Debug|Any CPU
		{6AAAEC01-1591-4218-AA60-BB209E5DC57A}.Release|Any CPU.ActiveCfg = Release|Any CPU
		{6AAAEC01-1591-4218-AA60-BB209E5DC57A}.Release|Any CPU.Build.0 = Release|Any CPU
		{5E2CF482-061E-41F0-9BCD-EDAD064E2454}.Debug|Any CPU.ActiveCfg = Debug|Any CPU
		{5E2CF482-061E-41F0-9BCD-EDAD064E2454}.Debug|Any CPU.Build.0 = Debug|Any CPU
		{5E2CF482-061E-41F0-9BCD-EDAD064E2454}.Release|Any CPU.ActiveCfg = Release|Any CPU
		{5E2CF482-061E-41F0-9BCD-EDAD064E2454}.Release|Any CPU.Build.0 = Release|Any CPU
		{5B16EDC3-9D3E-4BCD-9B54-50D6290B51FF}.Debug|Any CPU.ActiveCfg = Debug|Any CPU
		{5B16EDC3-9D3E-4BCD-9B54-50D6290B51FF}.Debug|Any CPU.Build.0 = Debug|Any CPU
		{5B16EDC3-9D3E-4BCD-9B54-50D6290B51FF}.Release|Any CPU.ActiveCfg = Release|Any CPU
		{5B16EDC3-9D3E-4BCD-9B54-50D6290B51FF}.Release|Any CPU.Build.0 = Release|Any CPU
		{1D25A74E-3169-48CC-AC4D-CD6678AFEBB9}.Debug|Any CPU.ActiveCfg = Debug|Any CPU
		{1D25A74E-3169-48CC-AC4D-CD6678AFEBB9}.Debug|Any CPU.Build.0 = Debug|Any CPU
		{1D25A74E-3169-48CC-AC4D-CD6678AFEBB9}.Release|Any CPU.ActiveCfg = Release|Any CPU
		{1D25A74E-3169-48CC-AC4D-CD6678AFEBB9}.Release|Any CPU.Build.0 = Release|Any CPU
		{D6D30542-A286-42A2-9C63-48AC50C16B27}.Debug|Any CPU.ActiveCfg = Debug|Any CPU
		{D6D30542-A286-42A2-9C63-48AC50C16B27}.Debug|Any CPU.Build.0 = Debug|Any CPU
		{D6D30542-A286-42A2-9C63-48AC50C16B27}.Release|Any CPU.ActiveCfg = Release|Any CPU
		{D6D30542-A286-42A2-9C63-48AC50C16B27}.Release|Any CPU.Build.0 = Release|Any CPU
		{EEEC4308-43D9-4AF6-BDB2-AEF979A19A51}.Debug|Any CPU.ActiveCfg = Debug|Any CPU
		{EEEC4308-43D9-4AF6-BDB2-AEF979A19A51}.Debug|Any CPU.Build.0 = Debug|Any CPU
		{EEEC4308-43D9-4AF6-BDB2-AEF979A19A51}.Release|Any CPU.ActiveCfg = Release|Any CPU
		{EEEC4308-43D9-4AF6-BDB2-AEF979A19A51}.Release|Any CPU.Build.0 = Release|Any CPU
		{AE4C7F93-8B50-4332-910B-75E1247CD1CD}.Debug|Any CPU.ActiveCfg = Debug|Any CPU
		{AE4C7F93-8B50-4332-910B-75E1247CD1CD}.Debug|Any CPU.Build.0 = Debug|Any CPU
		{AE4C7F93-8B50-4332-910B-75E1247CD1CD}.Release|Any CPU.ActiveCfg = Release|Any CPU
		{AE4C7F93-8B50-4332-910B-75E1247CD1CD}.Release|Any CPU.Build.0 = Release|Any CPU
		{DBBE7984-E6E9-405A-9492-1D980E62D67F}.Debug|Any CPU.ActiveCfg = Debug|Any CPU
		{DBBE7984-E6E9-405A-9492-1D980E62D67F}.Debug|Any CPU.Build.0 = Debug|Any CPU
		{DBBE7984-E6E9-405A-9492-1D980E62D67F}.Release|Any CPU.ActiveCfg = Release|Any CPU
		{DBBE7984-E6E9-405A-9492-1D980E62D67F}.Release|Any CPU.Build.0 = Release|Any CPU
		{64E95C4A-ACD1-4041-88A0-A30AEEC593AD}.Debug|Any CPU.ActiveCfg = Debug|Any CPU
		{64E95C4A-ACD1-4041-88A0-A30AEEC593AD}.Debug|Any CPU.Build.0 = Debug|Any CPU
		{64E95C4A-ACD1-4041-88A0-A30AEEC593AD}.Release|Any CPU.ActiveCfg = Release|Any CPU
		{64E95C4A-ACD1-4041-88A0-A30AEEC593AD}.Release|Any CPU.Build.0 = Release|Any CPU
		{5EF9856D-3BA2-464D-997F-E62D858B20A4}.Debug|Any CPU.ActiveCfg = Debug|Any CPU
		{5EF9856D-3BA2-464D-997F-E62D858B20A4}.Debug|Any CPU.Build.0 = Debug|Any CPU
		{5EF9856D-3BA2-464D-997F-E62D858B20A4}.Release|Any CPU.ActiveCfg = Release|Any CPU
		{5EF9856D-3BA2-464D-997F-E62D858B20A4}.Release|Any CPU.Build.0 = Release|Any CPU
		{64113DD2-F068-49CC-8096-ECEE10532BCE}.Debug|Any CPU.ActiveCfg = Debug|Any CPU
		{64113DD2-F068-49CC-8096-ECEE10532BCE}.Debug|Any CPU.Build.0 = Debug|Any CPU
		{64113DD2-F068-49CC-8096-ECEE10532BCE}.Release|Any CPU.ActiveCfg = Release|Any CPU
		{64113DD2-F068-49CC-8096-ECEE10532BCE}.Release|Any CPU.Build.0 = Release|Any CPU
		{2516C485-B0F3-4221-B562-21DE6180435E}.Debug|Any CPU.ActiveCfg = Debug|Any CPU
		{2516C485-B0F3-4221-B562-21DE6180435E}.Debug|Any CPU.Build.0 = Debug|Any CPU
		{2516C485-B0F3-4221-B562-21DE6180435E}.Release|Any CPU.ActiveCfg = Release|Any CPU
		{2516C485-B0F3-4221-B562-21DE6180435E}.Release|Any CPU.Build.0 = Release|Any CPU
		{53EC4D41-423B-44A2-87D6-6BDF902AB1DC}.Debug|Any CPU.ActiveCfg = Debug|Any CPU
		{53EC4D41-423B-44A2-87D6-6BDF902AB1DC}.Debug|Any CPU.Build.0 = Debug|Any CPU
		{53EC4D41-423B-44A2-87D6-6BDF902AB1DC}.Release|Any CPU.ActiveCfg = Release|Any CPU
		{53EC4D41-423B-44A2-87D6-6BDF902AB1DC}.Release|Any CPU.Build.0 = Release|Any CPU
		{8B845D82-CCBA-477D-8631-5AE78568E85A}.Debug|Any CPU.ActiveCfg = Debug|Any CPU
		{8B845D82-CCBA-477D-8631-5AE78568E85A}.Debug|Any CPU.Build.0 = Debug|Any CPU
		{8B845D82-CCBA-477D-8631-5AE78568E85A}.Release|Any CPU.ActiveCfg = Release|Any CPU
		{8B845D82-CCBA-477D-8631-5AE78568E85A}.Release|Any CPU.Build.0 = Release|Any CPU
		{BE96B682-5DA6-402D-A8F2-F400C8EC28E5}.Debug|Any CPU.ActiveCfg = Debug|Any CPU
		{BE96B682-5DA6-402D-A8F2-F400C8EC28E5}.Debug|Any CPU.Build.0 = Debug|Any CPU
		{BE96B682-5DA6-402D-A8F2-F400C8EC28E5}.Release|Any CPU.ActiveCfg = Release|Any CPU
		{BE96B682-5DA6-402D-A8F2-F400C8EC28E5}.Release|Any CPU.Build.0 = Release|Any CPU
		{C9C11D32-6DEB-4F7E-B3D6-8C22C0D09559}.Debug|Any CPU.ActiveCfg = Debug|Any CPU
		{C9C11D32-6DEB-4F7E-B3D6-8C22C0D09559}.Debug|Any CPU.Build.0 = Debug|Any CPU
		{C9C11D32-6DEB-4F7E-B3D6-8C22C0D09559}.Release|Any CPU.ActiveCfg = Release|Any CPU
		{C9C11D32-6DEB-4F7E-B3D6-8C22C0D09559}.Release|Any CPU.Build.0 = Release|Any CPU
		{2B7663EE-015E-4EF8-9E39-22011DB1FAB0}.Debug|Any CPU.ActiveCfg = Debug|Any CPU
		{2B7663EE-015E-4EF8-9E39-22011DB1FAB0}.Debug|Any CPU.Build.0 = Debug|Any CPU
		{2B7663EE-015E-4EF8-9E39-22011DB1FAB0}.Release|Any CPU.ActiveCfg = Release|Any CPU
		{2B7663EE-015E-4EF8-9E39-22011DB1FAB0}.Release|Any CPU.Build.0 = Release|Any CPU
		{2CC57FE9-2F58-48E7-85F6-8236BC1EBB07}.Debug|Any CPU.ActiveCfg = Debug|Any CPU
		{2CC57FE9-2F58-48E7-85F6-8236BC1EBB07}.Debug|Any CPU.Build.0 = Debug|Any CPU
		{2CC57FE9-2F58-48E7-85F6-8236BC1EBB07}.Release|Any CPU.ActiveCfg = Release|Any CPU
		{2CC57FE9-2F58-48E7-85F6-8236BC1EBB07}.Release|Any CPU.Build.0 = Release|Any CPU
		{9EC1C67E-942D-4CFE-BF51-75DECD2C7A17}.Debug|Any CPU.ActiveCfg = Debug|Any CPU
		{9EC1C67E-942D-4CFE-BF51-75DECD2C7A17}.Debug|Any CPU.Build.0 = Debug|Any CPU
		{9EC1C67E-942D-4CFE-BF51-75DECD2C7A17}.Release|Any CPU.ActiveCfg = Release|Any CPU
		{9EC1C67E-942D-4CFE-BF51-75DECD2C7A17}.Release|Any CPU.Build.0 = Release|Any CPU
		{5A830179-006E-4AAF-B8DA-76C786E06004}.Debug|Any CPU.ActiveCfg = Debug|Any CPU
		{5A830179-006E-4AAF-B8DA-76C786E06004}.Debug|Any CPU.Build.0 = Debug|Any CPU
		{5A830179-006E-4AAF-B8DA-76C786E06004}.Release|Any CPU.ActiveCfg = Release|Any CPU
		{5A830179-006E-4AAF-B8DA-76C786E06004}.Release|Any CPU.Build.0 = Release|Any CPU
		{A9AF678F-4479-41A7-85F1-F12834329988}.Debug|Any CPU.ActiveCfg = Debug|Any CPU
		{A9AF678F-4479-41A7-85F1-F12834329988}.Debug|Any CPU.Build.0 = Debug|Any CPU
		{A9AF678F-4479-41A7-85F1-F12834329988}.Release|Any CPU.ActiveCfg = Release|Any CPU
		{A9AF678F-4479-41A7-85F1-F12834329988}.Release|Any CPU.Build.0 = Release|Any CPU
		{87F7C9B7-247C-4E0F-9DAB-51FF14829836}.Debug|Any CPU.ActiveCfg = Debug|Any CPU
		{87F7C9B7-247C-4E0F-9DAB-51FF14829836}.Debug|Any CPU.Build.0 = Debug|Any CPU
		{87F7C9B7-247C-4E0F-9DAB-51FF14829836}.Release|Any CPU.ActiveCfg = Release|Any CPU
		{87F7C9B7-247C-4E0F-9DAB-51FF14829836}.Release|Any CPU.Build.0 = Release|Any CPU
	EndGlobalSection
	GlobalSection(SolutionProperties) = preSolution
		HideSolutionNode = FALSE
	EndGlobalSection
	GlobalSection(NestedProjects) = preSolution
		{9DCF1AEE-F6C3-41FB-82C0-4179F4C87038} = {C9BFE363-6EFA-4D89-90C8-B95168908C61}
		{C9BFE363-6EFA-4D89-90C8-B95168908C61} = {7776187E-F58C-455A-962E-B45C880750B4}
		{1FCCB613-A07D-491A-A6C2-3DA806F99886} = {FE0BE2D4-580E-4897-A816-3A150C2172A8}
		{8B178C3F-0BA9-4BB9-B16F-B08B2CE26A39} = {FE0BE2D4-580E-4897-A816-3A150C2172A8}
		{D5A4CC7F-DCFD-4196-9F2A-138169838D19} = {FE0BE2D4-580E-4897-A816-3A150C2172A8}
		{FEE98002-03E0-412D-813D-3C572E488DB0} = {FE0BE2D4-580E-4897-A816-3A150C2172A8}
		{16C41C01-FC54-4F38-84FF-C3EDD78421BF} = {D0320CFB-A647-4F5F-AD76-9173EFC69287}
		{332760C4-036F-423B-A1A8-AE10F438E3CD} = {D0320CFB-A647-4F5F-AD76-9173EFC69287}
		{7776187E-F58C-455A-962E-B45C880750B4} = {D0320CFB-A647-4F5F-AD76-9173EFC69287}
		{AB04E4FE-42B4-4095-A061-D875146E777B} = {DBA1B955-ECE6-4109-B156-C8F547464AA4}
		{157AAE16-C323-437A-8925-144CC253A3FD} = {DBA1B955-ECE6-4109-B156-C8F547464AA4}
		{90817E87-2B1F-4B42-AFD6-76F9F01FB8D4} = {DBA1B955-ECE6-4109-B156-C8F547464AA4}
		{C83ED111-3703-4F46-808B-26241DEB6974} = {DBA1B955-ECE6-4109-B156-C8F547464AA4}
		{0C1DA232-08A9-42E4-BE8A-FDAA4E702E1C} = {5FF3D536-5EC9-4EEE-B351-BD853590B5B6}
		{BCEEF3C0-2B59-4F8B-B7FA-9AB0DB710077} = {5FF3D536-5EC9-4EEE-B351-BD853590B5B6}
		{13178A29-AA3D-4E6A-9C4F-6F39FDCB732E} = {5FF3D536-5EC9-4EEE-B351-BD853590B5B6}
		{61E2AEAF-9847-4ACD-90B0-B33793F8C412} = {5FF3D536-5EC9-4EEE-B351-BD853590B5B6}
		{2A35AA7C-6B7D-4B9A-84E5-8E09B462CFAE} = {BC20DAEA-727E-4BEA-A4BD-DCA7543DB98C}
		{991F042F-206C-4ABF-B08D-7AA5C8639B50} = {BC20DAEA-727E-4BEA-A4BD-DCA7543DB98C}
		{E80C9627-38A5-4C77-975F-8F19181009A2} = {8EE359C8-4E3D-4A2A-9146-D4E17BECFBC0}
		{C7F80BB5-871B-4AA8-B70F-9E8C2AA30EEA} = {8EE359C8-4E3D-4A2A-9146-D4E17BECFBC0}
		{CA7387A2-9B7F-47F8-ADD3-A76F0877C550} = {6B81DF92-D3C0-4F05-94E8-213FFB1BDB48}
		{4D75351C-770D-4CA0-B0DA-4FBC1B7021F3} = {6B81DF92-D3C0-4F05-94E8-213FFB1BDB48}
		{FE0BE2D4-580E-4897-A816-3A150C2172A8} = {16C41C01-FC54-4F38-84FF-C3EDD78421BF}
		{BC20DAEA-727E-4BEA-A4BD-DCA7543DB98C} = {16C41C01-FC54-4F38-84FF-C3EDD78421BF}
		{8EE359C8-4E3D-4A2A-9146-D4E17BECFBC0} = {7776187E-F58C-455A-962E-B45C880750B4}
		{6B81DF92-D3C0-4F05-94E8-213FFB1BDB48} = {332760C4-036F-423B-A1A8-AE10F438E3CD}
		{DBA1B955-ECE6-4109-B156-C8F547464AA4} = {7776187E-F58C-455A-962E-B45C880750B4}
		{5FF3D536-5EC9-4EEE-B351-BD853590B5B6} = {332760C4-036F-423B-A1A8-AE10F438E3CD}
		{C971DDCF-6D2F-47EB-8C9B-08724736AB72} = {0CB61430-D527-454E-AB31-A3CA4431937A}
		{32B8E8DB-F47D-4E94-8CC5-3F0681486980} = {0CB61430-D527-454E-AB31-A3CA4431937A}
		{7F701C29-ACAE-49AD-9A23-EBCC4D63B50B} = {32B8E8DB-F47D-4E94-8CC5-3F0681486980}
		{DD3A2DBD-025D-4A02-821D-FA4648300E22} = {CA46DA95-839C-4F9B-9A17-AB3E29F10B78}
		{6AAAEC01-1591-4218-AA60-BB209E5DC57A} = {5FF3D536-5EC9-4EEE-B351-BD853590B5B6}
		{5E2CF482-061E-41F0-9BCD-EDAD064E2454} = {FE0BE2D4-580E-4897-A816-3A150C2172A8}
		{5B16EDC3-9D3E-4BCD-9B54-50D6290B51FF} = {0EEAD3A5-ADA3-4815-8BFB-B2B8AA5258F1}
		{CB819E38-9A3A-4DC1-B3C5-2C8A4250657B} = {D0320CFB-A647-4F5F-AD76-9173EFC69287}
		{1D25A74E-3169-48CC-AC4D-CD6678AFEBB9} = {ABE0757F-F829-4A71-869F-AA9559F2FE05}
		{D6D30542-A286-42A2-9C63-48AC50C16B27} = {ABE0757F-F829-4A71-869F-AA9559F2FE05}
		{EEEC4308-43D9-4AF6-BDB2-AEF979A19A51} = {ABE0757F-F829-4A71-869F-AA9559F2FE05}
		{AE4C7F93-8B50-4332-910B-75E1247CD1CD} = {ABE0757F-F829-4A71-869F-AA9559F2FE05}
		{DBBE7984-E6E9-405A-9492-1D980E62D67F} = {ABE0757F-F829-4A71-869F-AA9559F2FE05}
		{ABE0757F-F829-4A71-869F-AA9559F2FE05} = {CB819E38-9A3A-4DC1-B3C5-2C8A4250657B}
		{64E95C4A-ACD1-4041-88A0-A30AEEC593AD} = {DBA1B955-ECE6-4109-B156-C8F547464AA4}
		{5EF9856D-3BA2-464D-997F-E62D858B20A4} = {326CAEB8-F8A5-4AA6-AA08-51271516B5D2}
		{64113DD2-F068-49CC-8096-ECEE10532BCE} = {0EEAD3A5-ADA3-4815-8BFB-B2B8AA5258F1}
		{C660234C-82FC-43A6-8564-860E2DC9F3F3} = {D0320CFB-A647-4F5F-AD76-9173EFC69287}
		{90246FAB-2E42-44A5-A430-FBEC2C304F96} = {C660234C-82FC-43A6-8564-860E2DC9F3F3}
		{2516C485-B0F3-4221-B562-21DE6180435E} = {90246FAB-2E42-44A5-A430-FBEC2C304F96}
		{53EC4D41-423B-44A2-87D6-6BDF902AB1DC} = {90246FAB-2E42-44A5-A430-FBEC2C304F96}
		{8B845D82-CCBA-477D-8631-5AE78568E85A} = {90246FAB-2E42-44A5-A430-FBEC2C304F96}
		{BE96B682-5DA6-402D-A8F2-F400C8EC28E5} = {90246FAB-2E42-44A5-A430-FBEC2C304F96}
		{C9C11D32-6DEB-4F7E-B3D6-8C22C0D09559} = {90246FAB-2E42-44A5-A430-FBEC2C304F96}
		{5EA35476-682C-4891-8A6A-A20CA25E6DA3} = {D0320CFB-A647-4F5F-AD76-9173EFC69287}
		{2B7663EE-015E-4EF8-9E39-22011DB1FAB0} = {5EA35476-682C-4891-8A6A-A20CA25E6DA3}
		{2CC57FE9-2F58-48E7-85F6-8236BC1EBB07} = {5EA35476-682C-4891-8A6A-A20CA25E6DA3}
		{9EC1C67E-942D-4CFE-BF51-75DECD2C7A17} = {5EA35476-682C-4891-8A6A-A20CA25E6DA3}
		{5A830179-006E-4AAF-B8DA-76C786E06004} = {5EA35476-682C-4891-8A6A-A20CA25E6DA3}
		{A9AF678F-4479-41A7-85F1-F12834329988} = {5EA35476-682C-4891-8A6A-A20CA25E6DA3}
		{87F7C9B7-247C-4E0F-9DAB-51FF14829836} = {326CAEB8-F8A5-4AA6-AA08-51271516B5D2}
	EndGlobalSection
EndGlobal
